// !$*UTF8*$!
{
	archiveVersion = 1;
	classes = {
	};
	objectVersion = 50;
	objects = {

/* Begin PBXBuildFile section */
		19F7090C247CDEBF00C8E23E /* AppDelegate.swift in Sources */ = {isa = PBXBuildFile; fileRef = 19F7090B247CDEBF00C8E23E /* AppDelegate.swift */; };
		19F7090E247CDEBF00C8E23E /* SceneDelegate.swift in Sources */ = {isa = PBXBuildFile; fileRef = 19F7090D247CDEBF00C8E23E /* SceneDelegate.swift */; };
		19F70910247CDEBF00C8E23E /* ViewController.swift in Sources */ = {isa = PBXBuildFile; fileRef = 19F7090F247CDEBF00C8E23E /* ViewController.swift */; };
		19F70913247CDEBF00C8E23E /* Main.storyboard in Resources */ = {isa = PBXBuildFile; fileRef = 19F70911247CDEBF00C8E23E /* Main.storyboard */; };
		19F70915247CDEC400C8E23E /* Assets.xcassets in Resources */ = {isa = PBXBuildFile; fileRef = 19F70914247CDEC400C8E23E /* Assets.xcassets */; };
		19F70918247CDEC400C8E23E /* LaunchScreen.storyboard in Resources */ = {isa = PBXBuildFile; fileRef = 19F70916247CDEC400C8E23E /* LaunchScreen.storyboard */; };
		19F70920247CEA6400C8E23E /* FillAnimationView.swift in Sources */ = {isa = PBXBuildFile; fileRef = 19F7091F247CEA6400C8E23E /* FillAnimationView.swift */; };
/* End PBXBuildFile section */

/* Begin PBXFileReference section */
		19F70908247CDEBF00C8E23E /* BrainAnimation.app */ = {isa = PBXFileReference; explicitFileType = wrapper.application; includeInIndex = 0; path = BrainAnimation.app; sourceTree = BUILT_PRODUCTS_DIR; };
		19F7090B247CDEBF00C8E23E /* AppDelegate.swift */ = {isa = PBXFileReference; lastKnownFileType = sourcecode.swift; path = AppDelegate.swift; sourceTree = "<group>"; };
		19F7090D247CDEBF00C8E23E /* SceneDelegate.swift */ = {isa = PBXFileReference; lastKnownFileType = sourcecode.swift; path = SceneDelegate.swift; sourceTree = "<group>"; };
		19F7090F247CDEBF00C8E23E /* ViewController.swift */ = {isa = PBXFileReference; lastKnownFileType = sourcecode.swift; path = ViewController.swift; sourceTree = "<group>"; };
		19F70912247CDEBF00C8E23E /* Base */ = {isa = PBXFileReference; lastKnownFileType = file.storyboard; name = Base; path = Base.lproj/Main.storyboard; sourceTree = "<group>"; };
		19F70914247CDEC400C8E23E /* Assets.xcassets */ = {isa = PBXFileReference; lastKnownFileType = folder.assetcatalog; path = Assets.xcassets; sourceTree = "<group>"; };
		19F70917247CDEC400C8E23E /* Base */ = {isa = PBXFileReference; lastKnownFileType = file.storyboard; name = Base; path = Base.lproj/LaunchScreen.storyboard; sourceTree = "<group>"; };
		19F70919247CDEC400C8E23E /* Info.plist */ = {isa = PBXFileReference; lastKnownFileType = text.plist.xml; path = Info.plist; sourceTree = "<group>"; };
		19F7091F247CEA6400C8E23E /* FillAnimationView.swift */ = {isa = PBXFileReference; lastKnownFileType = sourcecode.swift; path = FillAnimationView.swift; sourceTree = "<group>"; };
/* End PBXFileReference section */

/* Begin PBXFrameworksBuildPhase section */
		19F70905247CDEBF00C8E23E /* Frameworks */ = {
			isa = PBXFrameworksBuildPhase;
			buildActionMask = 2147483647;
			files = (
			);
			runOnlyForDeploymentPostprocessing = 0;
		};
/* End PBXFrameworksBuildPhase section */

/* Begin PBXGroup section */
		19F708FF247CDEBF00C8E23E = {
			isa = PBXGroup;
			children = (
				19F7090A247CDEBF00C8E23E /* BrainAnimation */,
				19F70909247CDEBF00C8E23E /* Products */,
			);
			sourceTree = "<group>";
		};
		19F70909247CDEBF00C8E23E /* Products */ = {
			isa = PBXGroup;
			children = (
				19F70908247CDEBF00C8E23E /* BrainAnimation.app */,
			);
			name = Products;
			sourceTree = "<group>";
		};
		19F7090A247CDEBF00C8E23E /* BrainAnimation */ = {
			isa = PBXGroup;
			children = (
				19F7090B247CDEBF00C8E23E /* AppDelegate.swift */,
				19F7090D247CDEBF00C8E23E /* SceneDelegate.swift */,
				19F7090F247CDEBF00C8E23E /* ViewController.swift */,
				19F70911247CDEBF00C8E23E /* Main.storyboard */,
				19F70914247CDEC400C8E23E /* Assets.xcassets */,
				19F70916247CDEC400C8E23E /* LaunchScreen.storyboard */,
				19F70919247CDEC400C8E23E /* Info.plist */,
				19F7091F247CEA6400C8E23E /* FillAnimationView.swift */,
			);
			path = BrainAnimation;
			sourceTree = "<group>";
		};
/* End PBXGroup section */

/* Begin PBXNativeTarget section */
		19F70907247CDEBF00C8E23E /* BrainAnimation */ = {
			isa = PBXNativeTarget;
			buildConfigurationList = 19F7091C247CDEC400C8E23E /* Build configuration list for PBXNativeTarget "BrainAnimation" */;
			buildPhases = (
				19F70904247CDEBF00C8E23E /* Sources */,
				19F70905247CDEBF00C8E23E /* Frameworks */,
				19F70906247CDEBF00C8E23E /* Resources */,
			);
			buildRules = (
			);
			dependencies = (
			);
			name = BrainAnimation;
			productName = BrainAnimation;
			productReference = 19F70908247CDEBF00C8E23E /* BrainAnimation.app */;
			productType = "com.apple.product-type.application";
		};
/* End PBXNativeTarget section */

/* Begin PBXProject section */
		19F70900247CDEBF00C8E23E /* Project object */ = {
			isa = PBXProject;
			attributes = {
				LastSwiftUpdateCheck = 1150;
				LastUpgradeCheck = 1150;
				ORGANIZATIONNAME = "Hassan Abbasi";
				TargetAttributes = {
					19F70907247CDEBF00C8E23E = {
						CreatedOnToolsVersion = 11.5;
					};
				};
			};
			buildConfigurationList = 19F70903247CDEBF00C8E23E /* Build configuration list for PBXProject "BrainAnimation" */;
			compatibilityVersion = "Xcode 9.3";
			developmentRegion = en;
			hasScannedForEncodings = 0;
			knownRegions = (
				en,
				Base,
			);
			mainGroup = 19F708FF247CDEBF00C8E23E;
			productRefGroup = 19F70909247CDEBF00C8E23E /* Products */;
			projectDirPath = "";
			projectRoot = "";
			targets = (
				19F70907247CDEBF00C8E23E /* BrainAnimation */,
			);
		};
/* End PBXProject section */

/* Begin PBXResourcesBuildPhase section */
		19F70906247CDEBF00C8E23E /* Resources */ = {
			isa = PBXResourcesBuildPhase;
			buildActionMask = 2147483647;
			files = (
				19F70918247CDEC400C8E23E /* LaunchScreen.storyboard in Resources */,
				19F70915247CDEC400C8E23E /* Assets.xcassets in Resources */,
				19F70913247CDEBF00C8E23E /* Main.storyboard in Resources */,
			);
			runOnlyForDeploymentPostprocessing = 0;
		};
/* End PBXResourcesBuildPhase section */

/* Begin PBXSourcesBuildPhase section */
		19F70904247CDEBF00C8E23E /* Sources */ = {
			isa = PBXSourcesBuildPhase;
			buildActionMask = 2147483647;
			files = (
				19F70920247CEA6400C8E23E /* FillAnimationView.swift in Sources */,
				19F70910247CDEBF00C8E23E /* ViewController.swift in Sources */,
				19F7090C247CDEBF00C8E23E /* AppDelegate.swift in Sources */,
				19F7090E247CDEBF00C8E23E /* SceneDelegate.swift in Sources */,
			);
			runOnlyForDeploymentPostprocessing = 0;
		};
/* End PBXSourcesBuildPhase section */

/* Begin PBXVariantGroup section */
		19F70911247CDEBF00C8E23E /* Main.storyboard */ = {
			isa = PBXVariantGroup;
			children = (
				19F70912247CDEBF00C8E23E /* Base */,
			);
			name = Main.storyboard;
			sourceTree = "<group>";
		};
		19F70916247CDEC400C8E23E /* LaunchScreen.storyboard */ = {
			isa = PBXVariantGroup;
			children = (
				19F70917247CDEC400C8E23E /* Base */,
			);
			name = LaunchScreen.storyboard;
			sourceTree = "<group>";
		};
/* End PBXVariantGroup section */

/* Begin XCBuildConfiguration section */
		19F7091A247CDEC400C8E23E /* Debug */ = {
			isa = XCBuildConfiguration;
			buildSettings = {
				ALWAYS_SEARCH_USER_PATHS = NO;
				CLANG_ANALYZER_NONNULL = YES;
				CLANG_ANALYZER_NUMBER_OBJECT_CONVERSION = YES_AGGRESSIVE;
				CLANG_CXX_LANGUAGE_STANDARD = "gnu++14";
				CLANG_CXX_LIBRARY = "libc++";
				CLANG_ENABLE_MODULES = YES;
				CLANG_ENABLE_OBJC_ARC = YES;
				CLANG_ENABLE_OBJC_WEAK = YES;
				CLANG_WARN_BLOCK_CAPTURE_AUTORELEASING = YES;
				CLANG_WARN_BOOL_CONVERSION = YES;
				CLANG_WARN_COMMA = YES;
				CLANG_WARN_CONSTANT_CONVERSION = YES;
				CLANG_WARN_DEPRECATED_OBJC_IMPLEMENTATIONS = YES;
				CLANG_WARN_DIRECT_OBJC_ISA_USAGE = YES_ERROR;
				CLANG_WARN_DOCUMENTATION_COMMENTS = YES;
				CLANG_WARN_EMPTY_BODY = YES;
				CLANG_WARN_ENUM_CONVERSION = YES;
				CLANG_WARN_INFINITE_RECURSION = YES;
				CLANG_WARN_INT_CONVERSION = YES;
				CLANG_WARN_NON_LITERAL_NULL_CONVERSION = YES;
				CLANG_WARN_OBJC_IMPLICIT_RETAIN_SELF = YES;
				CLANG_WARN_OBJC_LITERAL_CONVERSION = YES;
				CLANG_WARN_OBJC_ROOT_CLASS = YES_ERROR;
				CLANG_WARN_RANGE_LOOP_ANALYSIS = YES;
				CLANG_WARN_STRICT_PROTOTYPES = YES;
				CLANG_WARN_SUSPICIOUS_MOVE = YES;
				CLANG_WARN_UNGUARDED_AVAILABILITY = YES_AGGRESSIVE;
				CLANG_WARN_UNREACHABLE_CODE = YES;
				CLANG_WARN__DUPLICATE_METHOD_MATCH = YES;
				COPY_PHASE_STRIP = NO;
				DEBUG_INFORMATION_FORMAT = dwarf;
				ENABLE_STRICT_OBJC_MSGSEND = YES;
				ENABLE_TESTABILITY = YES;
				GCC_C_LANGUAGE_STANDARD = gnu11;
				GCC_DYNAMIC_NO_PIC = NO;
				GCC_NO_COMMON_BLOCKS = YES;
				GCC_OPTIMIZATION_LEVEL = 0;
				GCC_PREPROCESSOR_DEFINITIONS = (
					"DEBUG=1",
					"$(inherited)",
				);
				GCC_WARN_64_TO_32_BIT_CONVERSION = YES;
				GCC_WARN_ABOUT_RETURN_TYPE = YES_ERROR;
				GCC_WARN_UNDECLARED_SELECTOR = YES;
				GCC_WARN_UNINITIALIZED_AUTOS = YES_AGGRESSIVE;
				GCC_WARN_UNUSED_FUNCTION = YES;
				GCC_WARN_UNUSED_VARIABLE = YES;
				IPHONEOS_DEPLOYMENT_TARGET = 13.5;
				MTL_ENABLE_DEBUG_INFO = INCLUDE_SOURCE;
				MTL_FAST_MATH = YES;
				ONLY_ACTIVE_ARCH = YES;
				SDKROOT = iphoneos;
				SWIFT_ACTIVE_COMPILATION_CONDITIONS = DEBUG;
				SWIFT_OPTIMIZATION_LEVEL = "-Onone";
			};
			name = Debug;
		};
		19F7091B247CDEC400C8E23E /* Release */ = {
			isa = XCBuildConfiguration;
			buildSettings = {
				ALWAYS_SEARCH_USER_PATHS = NO;
				CLANG_ANALYZER_NONNULL = YES;
				CLANG_ANALYZER_NUMBER_OBJECT_CONVERSION = YES_AGGRESSIVE;
				CLANG_CXX_LANGUAGE_STANDARD = "gnu++14";
				CLANG_CXX_LIBRARY = "libc++";
				CLANG_ENABLE_MODULES = YES;
				CLANG_ENABLE_OBJC_ARC = YES;
				CLANG_ENABLE_OBJC_WEAK = YES;
				CLANG_WARN_BLOCK_CAPTURE_AUTORELEASING = YES;
				CLANG_WARN_BOOL_CONVERSION = YES;
				CLANG_WARN_COMMA = YES;
				CLANG_WARN_CONSTANT_CONVERSION = YES;
				CLANG_WARN_DEPRECATED_OBJC_IMPLEMENTATIONS = YES;
				CLANG_WARN_DIRECT_OBJC_ISA_USAGE = YES_ERROR;
				CLANG_WARN_DOCUMENTATION_COMMENTS = YES;
				CLANG_WARN_EMPTY_BODY = YES;
				CLANG_WARN_ENUM_CONVERSION = YES;
				CLANG_WARN_INFINITE_RECURSION = YES;
				CLANG_WARN_INT_CONVERSION = YES;
				CLANG_WARN_NON_LITERAL_NULL_CONVERSION = YES;
				CLANG_WARN_OBJC_IMPLICIT_RETAIN_SELF = YES;
				CLANG_WARN_OBJC_LITERAL_CONVERSION = YES;
				CLANG_WARN_OBJC_ROOT_CLASS = YES_ERROR;
				CLANG_WARN_RANGE_LOOP_ANALYSIS = YES;
				CLANG_WARN_STRICT_PROTOTYPES = YES;
				CLANG_WARN_SUSPICIOUS_MOVE = YES;
				CLANG_WARN_UNGUARDED_AVAILABILITY = YES_AGGRESSIVE;
				CLANG_WARN_UNREACHABLE_CODE = YES;
				CLANG_WARN__DUPLICATE_METHOD_MATCH = YES;
				COPY_PHASE_STRIP = NO;
				DEBUG_INFORMATION_FORMAT = "dwarf-with-dsym";
				ENABLE_NS_ASSERTIONS = NO;
				ENABLE_STRICT_OBJC_MSGSEND = YES;
				GCC_C_LANGUAGE_STANDARD = gnu11;
				GCC_NO_COMMON_BLOCKS = YES;
				GCC_WARN_64_TO_32_BIT_CONVERSION = YES;
				GCC_WARN_ABOUT_RETURN_TYPE = YES_ERROR;
				GCC_WARN_UNDECLARED_SELECTOR = YES;
				GCC_WARN_UNINITIALIZED_AUTOS = YES_AGGRESSIVE;
				GCC_WARN_UNUSED_FUNCTION = YES;
				GCC_WARN_UNUSED_VARIABLE = YES;
				IPHONEOS_DEPLOYMENT_TARGET = 13.5;
				MTL_ENABLE_DEBUG_INFO = NO;
				MTL_FAST_MATH = YES;
				SDKROOT = iphoneos;
				SWIFT_COMPILATION_MODE = wholemodule;
				SWIFT_OPTIMIZATION_LEVEL = "-O";
				VALIDATE_PRODUCT = YES;
			};
			name = Release;
		};
		19F7091D247CDEC400C8E23E /* Debug */ = {
			isa = XCBuildConfiguration;
			buildSettings = {
				ASSETCATALOG_COMPILER_APPICON_NAME = AppIcon;
				CODE_SIGN_STYLE = Automatic;
				DEVELOPMENT_TEAM = 8U8ABLMRK4;
				INFOPLIST_FILE = BrainAnimation/Info.plist;
				IPHONEOS_DEPLOYMENT_TARGET = 13.0;
				LD_RUNPATH_SEARCH_PATHS = (
					"$(inherited)",
					"@executable_path/Frameworks",
				);
				PRODUCT_BUNDLE_IDENTIFIER = com.roveapps.BrainAnimation;
				PRODUCT_NAME = "$(TARGET_NAME)";
				SWIFT_VERSION = 5.0;
				TARGETED_DEVICE_FAMILY = "1,2";
			};
			name = Debug;
		};
		19F7091E247CDEC400C8E23E /* Release */ = {
			isa = XCBuildConfiguration;
			buildSettings = {
				ASSETCATALOG_COMPILER_APPICON_NAME = AppIcon;
				CODE_SIGN_STYLE = Automatic;
				DEVELOPMENT_TEAM = 8U8ABLMRK4;
				INFOPLIST_FILE = BrainAnimation/Info.plist;
				IPHONEOS_DEPLOYMENT_TARGET = 13.0;
				LD_RUNPATH_SEARCH_PATHS = (
					"$(inherited)",
					"@executable_path/Frameworks",
				);
				PRODUCT_BUNDLE_IDENTIFIER = com.roveapps.BrainAnimation;
				PRODUCT_NAME = "$(TARGET_NAME)";
				SWIFT_VERSION = 5.0;
				TARGETED_DEVICE_FAMILY = "1,2";
			};
			name = Release;
		};
/* End XCBuildConfiguration section */

/* Begin XCConfigurationList section */
		19F70903247CDEBF00C8E23E /* Build configuration list for PBXProject "BrainAnimation" */ = {
			isa = XCConfigurationList;
			buildConfigurations = (
				19F7091A247CDEC400C8E23E /* Debug */,
				19F7091B247CDEC400C8E23E /* Release */,
			);
			defaultConfigurationIsVisible = 0;
			defaultConfigurationName = Release;
		};
		19F7091C247CDEC400C8E23E /* Build configuration list for PBXNativeTarget "BrainAnimation" */ = {
			isa = XCConfigurationList;
			buildConfigurations = (
				19F7091D247CDEC400C8E23E /* Debug */,
				19F7091E247CDEC400C8E23E /* Release */,
			);
			defaultConfigurationIsVisible = 0;
			defaultConfigurationName = Release;
		};
/* End XCConfigurationList section */
	};
	rootObject = 19F70900247CDEBF00C8E23E /* Project object */;
}
